<?xml version="1.0" encoding="utf-8"?>
<Project ToolsVersion="4.0" xmlns="http://schemas.microsoft.com/developer/msbuild/2003">
  <ItemGroup>
    <ClCompile Include="ApplicationManager.cpp">
      <Filter>Application Manager</Filter>
    </ClCompile>
    <ClCompile Include="CMUgraphicsLib\auxil.cpp">
      <Filter>CMUgraphics Library</Filter>
    </ClCompile>
    <ClCompile Include="CMUgraphicsLib\CMUgraphics.cpp">
      <Filter>CMUgraphics Library</Filter>
    </ClCompile>
    <ClCompile Include="Components\Component.cpp">
      <Filter>Components</Filter>
    </ClCompile>
    <ClCompile Include="Components\Connection.cpp">
      <Filter>Components</Filter>
    </ClCompile>
    <ClCompile Include="CMUgraphicsLib\image.cpp">
      <Filter>CMUgraphics Library</Filter>
    </ClCompile>
    <ClCompile Include="GUI\Input.cpp">
      <Filter>GUI</Filter>
    </ClCompile>
    <ClCompile Include="CMUgraphicsLib\jpeg\jcomapi.c">
      <Filter>CMUgraphics Library</Filter>
    </ClCompile>
    <ClCompile Include="CMUgraphicsLib\jpeg\jcparam.c">
      <Filter>CMUgraphics Library</Filter>
    </ClCompile>
    <ClCompile Include="CMUgraphicsLib\jpeg\jdapimin.c">
      <Filter>CMUgraphics Library</Filter>
    </ClCompile>
    <ClCompile Include="CMUgraphicsLib\jpeg\jdapistd.c">
      <Filter>CMUgraphics Library</Filter>
    </ClCompile>
    <ClCompile Include="CMUgraphicsLib\jpeg\jdatasrc.c">
      <Filter>CMUgraphics Library</Filter>
    </ClCompile>
    <ClCompile Include="CMUgraphicsLib\jpeg\jdcoefct.c">
      <Filter>CMUgraphics Library</Filter>
    </ClCompile>
    <ClCompile Include="CMUgraphicsLib\jpeg\jdcolor.c">
      <Filter>CMUgraphics Library</Filter>
    </ClCompile>
    <ClCompile Include="CMUgraphicsLib\jpeg\jddctmgr.c">
      <Filter>CMUgraphics Library</Filter>
    </ClCompile>
    <ClCompile Include="CMUgraphicsLib\jpeg\jdhuff.c">
      <Filter>CMUgraphics Library</Filter>
    </ClCompile>
    <ClCompile Include="CMUgraphicsLib\jpeg\jdinput.c">
      <Filter>CMUgraphics Library</Filter>
    </ClCompile>
    <ClCompile Include="CMUgraphicsLib\jpeg\jdmainct.c">
      <Filter>CMUgraphics Library</Filter>
    </ClCompile>
    <ClCompile Include="CMUgraphicsLib\jpeg\jdmarker.c">
      <Filter>CMUgraphics Library</Filter>
    </ClCompile>
    <ClCompile Include="CMUgraphicsLib\jpeg\jdmaster.c">
      <Filter>CMUgraphics Library</Filter>
    </ClCompile>
    <ClCompile Include="CMUgraphicsLib\jpeg\jdmerge.c">
      <Filter>CMUgraphics Library</Filter>
    </ClCompile>
    <ClCompile Include="CMUgraphicsLib\jpeg\jdphuff.c">
      <Filter>CMUgraphics Library</Filter>
    </ClCompile>
    <ClCompile Include="CMUgraphicsLib\jpeg\jdpostct.c">
      <Filter>CMUgraphics Library</Filter>
    </ClCompile>
    <ClCompile Include="CMUgraphicsLib\jpeg\jdsample.c">
      <Filter>CMUgraphics Library</Filter>
    </ClCompile>
    <ClCompile Include="CMUgraphicsLib\jpeg\jdtrans.c">
      <Filter>CMUgraphics Library</Filter>
    </ClCompile>
    <ClCompile Include="CMUgraphicsLib\jpeg\jerror.c">
      <Filter>CMUgraphics Library</Filter>
    </ClCompile>
    <ClCompile Include="CMUgraphicsLib\jpeg\jidctflt.c">
      <Filter>CMUgraphics Library</Filter>
    </ClCompile>
    <ClCompile Include="CMUgraphicsLib\jpeg\jidctfst.c">
      <Filter>CMUgraphics Library</Filter>
    </ClCompile>
    <ClCompile Include="CMUgraphicsLib\jpeg\jidctint.c">
      <Filter>CMUgraphics Library</Filter>
    </ClCompile>
    <ClCompile Include="CMUgraphicsLib\jpeg\jidctred.c">
      <Filter>CMUgraphics Library</Filter>
    </ClCompile>
    <ClCompile Include="CMUgraphicsLib\jpeg\jmemmgr.c">
      <Filter>CMUgraphics Library</Filter>
    </ClCompile>
    <ClCompile Include="CMUgraphicsLib\jpeg\jmemnobs.c">
      <Filter>CMUgraphics Library</Filter>
    </ClCompile>
    <ClCompile Include="CMUgraphicsLib\jpegload.c">
      <Filter>CMUgraphics Library</Filter>
    </ClCompile>
    <ClCompile Include="CMUgraphicsLib\jpeg\jquant1.c">
      <Filter>CMUgraphics Library</Filter>
    </ClCompile>
    <ClCompile Include="CMUgraphicsLib\jpeg\jquant2.c">
      <Filter>CMUgraphics Library</Filter>
    </ClCompile>
    <ClCompile Include="CMUgraphicsLib\jpeg\jutils.c">
      <Filter>CMUgraphics Library</Filter>
    </ClCompile>
    <ClCompile Include="CMUgraphicsLib\keyqueue.cpp">
      <Filter>CMUgraphics Library</Filter>
    </ClCompile>
    <ClCompile Include="GUI\Output.cpp">
      <Filter>GUI</Filter>
    </ClCompile>
    <ClCompile Include="CMUgraphicsLib\mousequeue.cpp">
      <Filter>CMUgraphics Library</Filter>
    </ClCompile>
    <ClCompile Include="CMUgraphicsLib\windowinput.cpp">
      <Filter>CMUgraphics Library</Filter>
    </ClCompile>
    <ClCompile Include="Pins\Pin.cpp">
      <Filter>Pins</Filter>
    </ClCompile>
    <ClCompile Include="Components\AND.cpp">
      <Filter>Components\LogicGates</Filter>
    </ClCompile>
    <ClCompile Include="Components\AND3.cpp">
      <Filter>Components\LogicGates</Filter>
    </ClCompile>
    <ClCompile Include="Components\Buffer.cpp">
      <Filter>Components\LogicGates</Filter>
    </ClCompile>
    <ClCompile Include="Components\NAND.cpp">
      <Filter>Components\LogicGates</Filter>
    </ClCompile>
    <ClCompile Include="Components\NOR.cpp">
      <Filter>Components\LogicGates</Filter>
    </ClCompile>
    <ClCompile Include="Components\NOR3.cpp">
      <Filter>Components\LogicGates</Filter>
    </ClCompile>
    <ClCompile Include="Components\NOT.cpp">
      <Filter>Components\LogicGates</Filter>
    </ClCompile>
    <ClCompile Include="Components\OR.cpp">
      <Filter>Components\LogicGates</Filter>
    </ClCompile>
    <ClCompile Include="Components\XNOR.cpp">
      <Filter>Components\LogicGates</Filter>
    </ClCompile>
    <ClCompile Include="Components\XOR.cpp">
      <Filter>Components\LogicGates</Filter>
    </ClCompile>
    <ClCompile Include="Components\XOR3.cpp">
      <Filter>Components\LogicGates</Filter>
    </ClCompile>
    <ClCompile Include="Utilities\Utility.cpp">
      <Filter>Utilities</Filter>
    </ClCompile>
    <ClCompile Include="Actions\AddConnection.cpp">
      <Filter>Actions</Filter>
    </ClCompile>
    <ClCompile Include="Components\Switch.cpp">
      <Filter>Components</Filter>
    </ClCompile>
    <ClCompile Include="Components\LED.cpp">
      <Filter>Components</Filter>
    </ClCompile>
    <ClCompile Include="Actions\Save.cpp">
      <Filter>Actions</Filter>
    </ClCompile>
    <ClCompile Include="Actions\AddGate.cpp">
      <Filter>Actions</Filter>
    </ClCompile>
    <ClCompile Include="Actions\Select.cpp">
      <Filter>Actions</Filter>
    </ClCompile>
    <ClCompile Include="Actions\Copy.cpp">
      <Filter>Actions</Filter>
    </ClCompile>
    <ClCompile Include="Actions\Cut.cpp">
      <Filter>Actions</Filter>
    </ClCompile>
    <ClCompile Include="Actions\Delete.cpp">
      <Filter>Actions</Filter>
    </ClCompile>
    <ClCompile Include="Actions\Edit.cpp">
      <Filter>Actions</Filter>
    </ClCompile>
    <ClCompile Include="Actions\Paste.cpp">
      <Filter>Actions</Filter>
    </ClCompile>
    <ClCompile Include="Actions\TruthTable.cpp">
      <Filter>Actions</Filter>
    </ClCompile>
    <ClCompile Include="Main.cpp" />
    <ClCompile Include="Demo.cpp" />
    <ClCompile Include="Components\LogicGate.cpp">
      <Filter>Components</Filter>
    </ClCompile>
    <ClCompile Include="Components\Gate.cpp">
      <Filter>Components</Filter>
    </ClCompile>
    <ClCompile Include="Actions\UndoAction.cpp">
      <Filter>Actions</Filter>
    </ClCompile>
    <ClCompile Include="Actions\RedoAction.cpp">
      <Filter>Actions</Filter>
    </ClCompile>
    <ClCompile Include="Actions\Load.cpp">
      <Filter>Actions</Filter>
    </ClCompile>
    <ClCompile Include="Actions\Move.cpp">
      <Filter>Actions</Filter>
    </ClCompile>
    <ClCompile Include="Actions\Hover.cpp">
      <Filter>Actions</Filter>
    </ClCompile>
    <ClCompile Include="Actions\Simulate.cpp">
      <Filter>Actions</Filter>
    </ClCompile>
    <ClCompile Include="CMUgraphicsLib\png\LoadPNG.cpp">
      <Filter>CMUgraphics Library</Filter>
    </ClCompile>
    <ClCompile Include="CMUgraphicsLib\PNG.cpp">
      <Filter>CMUgraphics Library</Filter>
    </ClCompile>
  </ItemGroup>
  <ItemGroup>
    <ClInclude Include="Actions\Action.h">
      <Filter>Actions</Filter>
    </ClInclude>
    <ClInclude Include="ApplicationManager.h">
      <Filter>Application Manager</Filter>
    </ClInclude>
    <ClInclude Include="CMUgraphicsLib\auxil.h">
      <Filter>CMUgraphics Library</Filter>
    </ClInclude>
    <ClInclude Include="CMUgraphicsLib\CMUgraphics.h">
      <Filter>CMUgraphics Library</Filter>
    </ClInclude>
    <ClInclude Include="CMUgraphicsLib\colors.h">
      <Filter>CMUgraphics Library</Filter>
    </ClInclude>
    <ClInclude Include="Components\Component.h">
      <Filter>Components</Filter>
    </ClInclude>
    <ClInclude Include="Components\Connection.h">
      <Filter>Components</Filter>
    </ClInclude>
    <ClInclude Include="CMUgraphicsLib\error.h">
      <Filter>CMUgraphics Library</Filter>
    </ClInclude>
    <ClInclude Include="CMUgraphicsLib\image.h">
      <Filter>CMUgraphics Library</Filter>
    </ClInclude>
    <ClInclude Include="GUI\Input.h">
      <Filter>GUI</Filter>
    </ClInclude>
    <ClInclude Include="CMUgraphicsLib\jpeg\jconfig.h">
      <Filter>CMUgraphics Library</Filter>
    </ClInclude>
    <ClInclude Include="CMUgraphicsLib\jpeg\jdct.h">
      <Filter>CMUgraphics Library</Filter>
    </ClInclude>
    <ClInclude Include="CMUgraphicsLib\jpeg\jdhuff.h">
      <Filter>CMUgraphics Library</Filter>
    </ClInclude>
    <ClInclude Include="CMUgraphicsLib\jpeg\jerror.h">
      <Filter>CMUgraphics Library</Filter>
    </ClInclude>
    <ClInclude Include="CMUgraphicsLib\jpeg\jinclude.h">
      <Filter>CMUgraphics Library</Filter>
    </ClInclude>
    <ClInclude Include="CMUgraphicsLib\jpeg\jmemsys.h">
      <Filter>CMUgraphics Library</Filter>
    </ClInclude>
    <ClInclude Include="CMUgraphicsLib\jpeg\jmorecfg.h">
      <Filter>CMUgraphics Library</Filter>
    </ClInclude>
    <ClInclude Include="CMUgraphicsLib\jpeg\jpegint.h">
      <Filter>CMUgraphics Library</Filter>
    </ClInclude>
    <ClInclude Include="CMUgraphicsLib\jpeg\jpeglib.h">
      <Filter>CMUgraphics Library</Filter>
    </ClInclude>
    <ClInclude Include="CMUgraphicsLib\jpegload.h">
      <Filter>CMUgraphics Library</Filter>
    </ClInclude>
    <ClInclude Include="CMUgraphicsLib\jpeg\jversion.h">
      <Filter>CMUgraphics Library</Filter>
    </ClInclude>
    <ClInclude Include="CMUgraphicsLib\keyqueue.h">
      <Filter>CMUgraphics Library</Filter>
    </ClInclude>
    <ClInclude Include="GUI\Output.h">
      <Filter>GUI</Filter>
    </ClInclude>
    <ClInclude Include="CMUgraphicsLib\mousequeue.h">
      <Filter>CMUgraphics Library</Filter>
    </ClInclude>
    <ClInclude Include="CMUgraphicsLib\version.h">
      <Filter>CMUgraphics Library</Filter>
    </ClInclude>
    <ClInclude Include="CMUgraphicsLib\windowinput.h">
      <Filter>CMUgraphics Library</Filter>
    </ClInclude>
    <ClInclude Include="GUI\UserInterface.h">
      <Filter>GUI</Filter>
    </ClInclude>
    <ClInclude Include="Pins\Pin.h">
      <Filter>Pins</Filter>
    </ClInclude>
    <ClInclude Include="Components\AND.h">
      <Filter>Components\LogicGates</Filter>
    </ClInclude>
    <ClInclude Include="Components\AND3.h">
      <Filter>Components\LogicGates</Filter>
    </ClInclude>
    <ClInclude Include="Components\Buffer.h">
      <Filter>Components\LogicGates</Filter>
    </ClInclude>
    <ClInclude Include="Components\NAND.h">
      <Filter>Components\LogicGates</Filter>
    </ClInclude>
    <ClInclude Include="Components\NOR.h">
      <Filter>Components\LogicGates</Filter>
    </ClInclude>
    <ClInclude Include="Components\NOR3.h">
      <Filter>Components\LogicGates</Filter>
    </ClInclude>
    <ClInclude Include="Components\NOT.h">
      <Filter>Components\LogicGates</Filter>
    </ClInclude>
    <ClInclude Include="Components\OR.h">
      <Filter>Components\LogicGates</Filter>
    </ClInclude>
    <ClInclude Include="Components\XNOR.h">
      <Filter>Components\LogicGates</Filter>
    </ClInclude>
    <ClInclude Include="Components\XOR.h">
      <Filter>Components\LogicGates</Filter>
    </ClInclude>
    <ClInclude Include="Components\XOR3.h">
      <Filter>Components\LogicGates</Filter>
    </ClInclude>
    <ClInclude Include="Utilities\Defs.h">
      <Filter>Utilities</Filter>
    </ClInclude>
    <ClInclude Include="Utilities\Utility.h">
      <Filter>Utilities</Filter>
    </ClInclude>
    <ClInclude Include="Actions\AddConnection.h">
      <Filter>Actions</Filter>
    </ClInclude>
    <ClInclude Include="Components\Switch.h">
      <Filter>Components</Filter>
    </ClInclude>
    <ClInclude Include="Components\LED.h">
      <Filter>Components</Filter>
    </ClInclude>
    <ClInclude Include="Actions\AddGate.h">
      <Filter>Actions</Filter>
    </ClInclude>
    <ClInclude Include="Actions\Select.h">
      <Filter>Actions</Filter>
    </ClInclude>
    <ClInclude Include="Actions\Save.h">
      <Filter>Actions</Filter>
    </ClInclude>
    <ClInclude Include="Actions\TruthTable.h">
      <Filter>Actions</Filter>
    </ClInclude>
    <ClInclude Include="Actions\Copy.h">
      <Filter>Actions</Filter>
    </ClInclude>
    <ClInclude Include="Actions\Cut.h">
      <Filter>Actions</Filter>
    </ClInclude>
    <ClInclude Include="Actions\Delete.h">
      <Filter>Actions</Filter>
    </ClInclude>
    <ClInclude Include="Actions\Edit.h">
      <Filter>Actions</Filter>
    </ClInclude>
    <ClInclude Include="Actions\Paste.h">
      <Filter>Actions</Filter>
    </ClInclude>
    <ClInclude Include="Components\LogicGate.h">
      <Filter>Components</Filter>
    </ClInclude>
    <ClInclude Include="Components\Gate.h">
      <Filter>Components</Filter>
    </ClInclude>
    <ClInclude Include="Actions\UndoAction.h">
      <Filter>Actions</Filter>
    </ClInclude>
    <ClInclude Include="Actions\RedoAction.h">
      <Filter>Actions</Filter>
    </ClInclude>
    <ClInclude Include="Actions\Load.h">
      <Filter>Actions</Filter>
    </ClInclude>
    <ClInclude Include="Actions\Move.h">
      <Filter>Actions</Filter>
    </ClInclude>
    <ClInclude Include="Actions\Hover.h">
      <Filter>Actions</Filter>
    </ClInclude>
    <ClInclude Include="Actions\Simulate.h">
      <Filter>Actions</Filter>
    </ClInclude>
    <ClInclude Include="CMUgraphicsLib\png\LoadPNG.h">
      <Filter>CMUgraphics Library</Filter>
    </ClInclude>
    <ClInclude Include="CMUgraphicsLib\PNG.h">
      <Filter>CMUgraphics Library</Filter>
    </ClInclude>
  </ItemGroup>
  <ItemGroup>
    <Filter Include="Actions">
      <UniqueIdentifier>{61ecbe41-f437-4e4b-9178-88ac0a5bf06d}</UniqueIdentifier>
    </Filter>
    <Filter Include="GUI">
      <UniqueIdentifier>{e9b7c77c-4258-4c7f-a59e-a041dec06954}</UniqueIdentifier>
    </Filter>
    <Filter Include="Components">
      <UniqueIdentifier>{b97e2492-a07f-4801-bd62-8525b0447a72}</UniqueIdentifier>
    </Filter>
    <Filter Include="Pins">
      <UniqueIdentifier>{3f4e358b-5ee8-4e25-8173-671a1564c67a}</UniqueIdentifier>
    </Filter>
    <Filter Include="Application Manager">
      <UniqueIdentifier>{65aeec57-56e6-4cab-b69a-409d5085d487}</UniqueIdentifier>
    </Filter>
    <Filter Include="CMUgraphics Library">
      <UniqueIdentifier>{d63335de-3852-47e7-9b12-ce7902be525e}</UniqueIdentifier>
    </Filter>
    <Filter Include="Utilities">
      <UniqueIdentifier>{18c87272-bbdd-4742-9b18-99b4a37fb19d}</UniqueIdentifier>
    </Filter>
    <Filter Include="Components\LogicGates">
      <UniqueIdentifier>{c222ee81-e301-4a90-925a-a173e46a1ee9}</UniqueIdentifier>
    </Filter>
  </ItemGroup>
</Project>